
Microsoft Visual Studio Solution File, Format Version 12.00
# Visual Studio Version 17
VisualStudioVersion = 17.1.32328.378
MinimumVisualStudioVersion = 10.0.40219.1
Project("{FAE04EC0-301F-11D3-BF4B-00C04F79EFBC}") = "HamCat", "HamCat\HamCat.csproj", "{71414815-594B-495D-A80D-974EAA61E0EE}"
EndProject
Global
	GlobalSection(SolutionConfigurationPlatforms) = preSolution
		Debug|Any CPU = Debug|Any CPU
		Release|Any CPU = Release|Any CPU
	EndGlobalSection
	GlobalSection(ProjectConfigurationPlatforms) = postSolution
		{71414815-594B-495D-A80D-974EAA61E0EE}.Debug|Any CPU.ActiveCfg = Debug|Any CPU
		{71414815-594B-495D-A80D-974EAA61E0EE}.Debug|Any CPU.Build.0 = Debug|Any CPU
		{71414815-594B-495D-A80D-974EAA61E0EE}.Release|Any CPU.ActiveCfg = Release|Any CPU
		{71414815-594B-495D-A80D-974EAA61E0EE}.Release|Any CPU.Build.0 = Release|Any CPU
	EndGlobalSection
	GlobalSection(SolutionProperties) = preSolution
		HideSolutionNode = FALSE
	EndGlobalSection
	GlobalSection(ExtensibilityGlobals) = postSolution
		SolutionGuid = {E38217E9-FFDF-41CE-8700-8EE85D751FCC}
	EndGlobalSection
EndGlobal
